// !$*UTF8*$!
{
	archiveVersion = 1;
	classes = {
	};
	objectVersion = 56;
	objects = {

/* Begin PBXBuildFile section */
		03DA04082B204A3900380072 /* DashboardDesignApp.swift in Sources */ = {isa = PBXBuildFile; fileRef = 03DA04072B204A3900380072 /* DashboardDesignApp.swift */; };
		03DA040A2B204A3900380072 /* ContentView.swift in Sources */ = {isa = PBXBuildFile; fileRef = 03DA04092B204A3900380072 /* ContentView.swift */; };
		03DA040F2B204A3B00380072 /* Preview Assets.xcassets in Resources */ = {isa = PBXBuildFile; fileRef = 03DA040E2B204A3B00380072 /* Preview Assets.xcassets */; };
		03DA041A2B204AA300380072 /* Assets.xcassets in Resources */ = {isa = PBXBuildFile; fileRef = 03DA04192B204AA300380072 /* Assets.xcassets */; };
		03DA04272B204B5800380072 /* NavView.swift in Sources */ = {isa = PBXBuildFile; fileRef = 03DA041D2B204B5800380072 /* NavView.swift */; };
		03DA04282B204B5800380072 /* ButtonView.swift in Sources */ = {isa = PBXBuildFile; fileRef = 03DA041E2B204B5800380072 /* ButtonView.swift */; };
		03DA04292B204B5800380072 /* BackgroundView.swift in Sources */ = {isa = PBXBuildFile; fileRef = 03DA041F2B204B5800380072 /* BackgroundView.swift */; };
		03DA042A2B204B5800380072 /* CellView.swift in Sources */ = {isa = PBXBuildFile; fileRef = 03DA04202B204B5800380072 /* CellView.swift */; };
		03DA042B2B204B5800380072 /* StackedNotificationView.swift in Sources */ = {isa = PBXBuildFile; fileRef = 03DA04212B204B5800380072 /* StackedNotificationView.swift */; };
		03DA042C2B204B5800380072 /* BottomSheetView.swift in Sources */ = {isa = PBXBuildFile; fileRef = 03DA04222B204B5800380072 /* BottomSheetView.swift */; };
		03DA042D2B204B5800380072 /* ProgressiveBarView.swift in Sources */ = {isa = PBXBuildFile; fileRef = 03DA04232B204B5800380072 /* ProgressiveBarView.swift */; };
		03DA042E2B204B5800380072 /* CardView.swift in Sources */ = {isa = PBXBuildFile; fileRef = 03DA04242B204B5800380072 /* CardView.swift */; };
		03DA042F2B204B5800380072 /* extView.swift in Sources */ = {isa = PBXBuildFile; fileRef = 03DA04252B204B5800380072 /* extView.swift */; };
		03DA04302B204B5800380072 /* DashboardView.swift in Sources */ = {isa = PBXBuildFile; fileRef = 03DA04262B204B5800380072 /* DashboardView.swift */; };
/* End PBXBuildFile section */

/* Begin PBXFileReference section */
		03DA04042B204A3900380072 /* DashboardDesign.app */ = {isa = PBXFileReference; explicitFileType = wrapper.application; includeInIndex = 0; path = DashboardDesign.app; sourceTree = BUILT_PRODUCTS_DIR; };
		03DA04072B204A3900380072 /* DashboardDesignApp.swift */ = {isa = PBXFileReference; lastKnownFileType = sourcecode.swift; path = DashboardDesignApp.swift; sourceTree = "<group>"; };
		03DA04092B204A3900380072 /* ContentView.swift */ = {isa = PBXFileReference; lastKnownFileType = sourcecode.swift; path = ContentView.swift; sourceTree = "<group>"; };
		03DA040E2B204A3B00380072 /* Preview Assets.xcassets */ = {isa = PBXFileReference; lastKnownFileType = folder.assetcatalog; path = "Preview Assets.xcassets"; sourceTree = "<group>"; };
		03DA04192B204AA300380072 /* Assets.xcassets */ = {isa = PBXFileReference; lastKnownFileType = folder.assetcatalog; name = Assets.xcassets; path = ../../Pokedex/Pokedex/Assets.xcassets; sourceTree = "<group>"; };
		03DA041D2B204B5800380072 /* NavView.swift */ = {isa = PBXFileReference; fileEncoding = 4; lastKnownFileType = sourcecode.swift; path = NavView.swift; sourceTree = "<group>"; };
		03DA041E2B204B5800380072 /* ButtonView.swift */ = {isa = PBXFileReference; fileEncoding = 4; lastKnownFileType = sourcecode.swift; path = ButtonView.swift; sourceTree = "<group>"; };
		03DA041F2B204B5800380072 /* BackgroundView.swift */ = {isa = PBXFileReference; fileEncoding = 4; lastKnownFileType = sourcecode.swift; path = BackgroundView.swift; sourceTree = "<group>"; };
		03DA04202B204B5800380072 /* CellView.swift */ = {isa = PBXFileReference; fileEncoding = 4; lastKnownFileType = sourcecode.swift; path = CellView.swift; sourceTree = "<group>"; };
		03DA04212B204B5800380072 /* StackedNotificationView.swift */ = {isa = PBXFileReference; fileEncoding = 4; lastKnownFileType = sourcecode.swift; path = StackedNotificationView.swift; sourceTree = "<group>"; };
		03DA04222B204B5800380072 /* BottomSheetView.swift */ = {isa = PBXFileReference; fileEncoding = 4; lastKnownFileType = sourcecode.swift; path = BottomSheetView.swift; sourceTree = "<group>"; };
		03DA04232B204B5800380072 /* ProgressiveBarView.swift */ = {isa = PBXFileReference; fileEncoding = 4; lastKnownFileType = sourcecode.swift; path = ProgressiveBarView.swift; sourceTree = "<group>"; };
		03DA04242B204B5800380072 /* CardView.swift */ = {isa = PBXFileReference; fileEncoding = 4; lastKnownFileType = sourcecode.swift; path = CardView.swift; sourceTree = "<group>"; };
		03DA04252B204B5800380072 /* extView.swift */ = {isa = PBXFileReference; fileEncoding = 4; lastKnownFileType = sourcecode.swift; path = extView.swift; sourceTree = "<group>"; };
		03DA04262B204B5800380072 /* DashboardView.swift */ = {isa = PBXFileReference; fileEncoding = 4; lastKnownFileType = sourcecode.swift; path = DashboardView.swift; sourceTree = "<group>"; };
/* End PBXFileReference section */

/* Begin PBXFrameworksBuildPhase section */
		03DA04012B204A3900380072 /* Frameworks */ = {
			isa = PBXFrameworksBuildPhase;
			buildActionMask = 2147483647;
			files = (
			);
			runOnlyForDeploymentPostprocessing = 0;
		};
/* End PBXFrameworksBuildPhase section */

/* Begin PBXGroup section */
		03DA03FB2B204A3900380072 = {
			isa = PBXGroup;
			children = (
				03DA04062B204A3900380072 /* DashboardDesign */,
				03DA04052B204A3900380072 /* Products */,
			);
			sourceTree = "<group>";
		};
		03DA04052B204A3900380072 /* Products */ = {
			isa = PBXGroup;
			children = (
				03DA04042B204A3900380072 /* DashboardDesign.app */,
			);
			name = Products;
			sourceTree = "<group>";
		};
		03DA04062B204A3900380072 /* DashboardDesign */ = {
			isa = PBXGroup;
			children = (
				03DA041F2B204B5800380072 /* BackgroundView.swift */,
				03DA04222B204B5800380072 /* BottomSheetView.swift */,
				03DA041E2B204B5800380072 /* ButtonView.swift */,
				03DA04242B204B5800380072 /* CardView.swift */,
				03DA04202B204B5800380072 /* CellView.swift */,
				03DA04262B204B5800380072 /* DashboardView.swift */,
				03DA04252B204B5800380072 /* extView.swift */,
				03DA041D2B204B5800380072 /* NavView.swift */,
				03DA04232B204B5800380072 /* ProgressiveBarView.swift */,
				03DA04212B204B5800380072 /* StackedNotificationView.swift */,
				03DA04072B204A3900380072 /* DashboardDesignApp.swift */,
				03DA04092B204A3900380072 /* ContentView.swift */,
				03DA04192B204AA300380072 /* Assets.xcassets */,
				03DA040D2B204A3B00380072 /* Preview Content */,
			);
			path = DashboardDesign;
			sourceTree = "<group>";
		};
		03DA040D2B204A3B00380072 /* Preview Content */ = {
			isa = PBXGroup;
			children = (
				03DA040E2B204A3B00380072 /* Preview Assets.xcassets */,
			);
			path = "Preview Content";
			sourceTree = "<group>";
		};
/* End PBXGroup section */

/* Begin PBXNativeTarget section */
		03DA04032B204A3900380072 /* DashboardDesign */ = {
			isa = PBXNativeTarget;
			buildConfigurationList = 03DA04122B204A3B00380072 /* Build configuration list for PBXNativeTarget "DashboardDesign" */;
			buildPhases = (
				03DA04002B204A3900380072 /* Sources */,
				03DA04012B204A3900380072 /* Frameworks */,
				03DA04022B204A3900380072 /* Resources */,
			);
			buildRules = (
			);
			dependencies = (
			);
			name = DashboardDesign;
			productName = DashboardDesign;
			productReference = 03DA04042B204A3900380072 /* DashboardDesign.app */;
			productType = "com.apple.product-type.application";
		};
/* End PBXNativeTarget section */

/* Begin PBXProject section */
		03DA03FC2B204A3900380072 /* Project object */ = {
			isa = PBXProject;
			attributes = {
				BuildIndependentTargetsInParallel = 1;
				LastSwiftUpdateCheck = 1500;
				LastUpgradeCheck = 1500;
				TargetAttributes = {
					03DA04032B204A3900380072 = {
						CreatedOnToolsVersion = 15.0.1;
					};
				};
			};
			buildConfigurationList = 03DA03FF2B204A3900380072 /* Build configuration list for PBXProject "DashboardDesign" */;
			compatibilityVersion = "Xcode 14.0";
			developmentRegion = en;
			hasScannedForEncodings = 0;
			knownRegions = (
				en,
				Base,
			);
			mainGroup = 03DA03FB2B204A3900380072;
			productRefGroup = 03DA04052B204A3900380072 /* Products */;
			projectDirPath = "";
			projectRoot = "";
			targets = (
				03DA04032B204A3900380072 /* DashboardDesign */,
			);
		};
/* End PBXProject section */

/* Begin PBXResourcesBuildPhase section */
		03DA04022B204A3900380072 /* Resources */ = {
			isa = PBXResourcesBuildPhase;
			buildActionMask = 2147483647;
			files = (
				03DA040F2B204A3B00380072 /* Preview Assets.xcassets in Resources */,
				03DA041A2B204AA300380072 /* Assets.xcassets in Resources */,
			);
			runOnlyForDeploymentPostprocessing = 0;
		};
/* End PBXResourcesBuildPhase section */

/* Begin PBXSourcesBuildPhase section */
		03DA04002B204A3900380072 /* Sources */ = {
			isa = PBXSourcesBuildPhase;
			buildActionMask = 2147483647;
			files = (
				03DA04292B204B5800380072 /* BackgroundView.swift in Sources */,
				03DA04302B204B5800380072 /* DashboardView.swift in Sources */,
				03DA042C2B204B5800380072 /* BottomSheetView.swift in Sources */,
				03DA042D2B204B5800380072 /* ProgressiveBarView.swift in Sources */,
				03DA04272B204B5800380072 /* NavView.swift in Sources */,
				03DA042F2B204B5800380072 /* extView.swift in Sources */,
				03DA042E2B204B5800380072 /* CardView.swift in Sources */,
				03DA042B2B204B5800380072 /* StackedNotificationView.swift in Sources */,
				03DA042A2B204B5800380072 /* CellView.swift in Sources */,
				03DA040A2B204A3900380072 /* ContentView.swift in Sources */,
				03DA04282B204B5800380072 /* ButtonView.swift in Sources */,
				03DA04082B204A3900380072 /* DashboardDesignApp.swift in Sources */,
			);
			runOnlyForDeploymentPostprocessing = 0;
		};
/* End PBXSourcesBuildPhase section */

/* Begin XCBuildConfiguration section */
		03DA04102B204A3B00380072 /* Debug */ = {
			isa = XCBuildConfiguration;
			buildSettings = {
				ALWAYS_SEARCH_USER_PATHS = NO;
				ASSETCATALOG_COMPILER_GENERATE_SWIFT_ASSET_SYMBOL_EXTENSIONS = YES;
				CLANG_ANALYZER_NONNULL = YES;
				CLANG_ANALYZER_NUMBER_OBJECT_CONVERSION = YES_AGGRESSIVE;
				CLANG_CXX_LANGUAGE_STANDARD = "gnu++20";
				CLANG_ENABLE_MODULES = YES;
				CLANG_ENABLE_OBJC_ARC = YES;
				CLANG_ENABLE_OBJC_WEAK = YES;
				CLANG_WARN_BLOCK_CAPTURE_AUTORELEASING = YES;
				CLANG_WARN_BOOL_CONVERSION = YES;
				CLANG_WARN_COMMA = YES;
				CLANG_WARN_CONSTANT_CONVERSION = YES;
				CLANG_WARN_DEPRECATED_OBJC_IMPLEMENTATIONS = YES;
				CLANG_WARN_DIRECT_OBJC_ISA_USAGE = YES_ERROR;
				CLANG_WARN_DOCUMENTATION_COMMENTS = YES;
				CLANG_WARN_EMPTY_BODY = YES;
				CLANG_WARN_ENUM_CONVERSION = YES;
				CLANG_WARN_INFINITE_RECURSION = YES;
				CLANG_WARN_INT_CONVERSION = YES;
				CLANG_WARN_NON_LITERAL_NULL_CONVERSION = YES;
				CLANG_WARN_OBJC_IMPLICIT_RETAIN_SELF = YES;
				CLANG_WARN_OBJC_LITERAL_CONVERSION = YES;
				CLANG_WARN_OBJC_ROOT_CLASS = YES_ERROR;
				CLANG_WARN_QUOTED_INCLUDE_IN_FRAMEWORK_HEADER = YES;
				CLANG_WARN_RANGE_LOOP_ANALYSIS = YES;
				CLANG_WARN_STRICT_PROTOTYPES = YES;
				CLANG_WARN_SUSPICIOUS_MOVE = YES;
				CLANG_WARN_UNGUARDED_AVAILABILITY = YES_AGGRESSIVE;
				CLANG_WARN_UNREACHABLE_CODE = YES;
				CLANG_WARN__DUPLICATE_METHOD_MATCH = YES;
				COPY_PHASE_STRIP = NO;
				DEBUG_INFORMATION_FORMAT = dwarf;
				ENABLE_STRICT_OBJC_MSGSEND = YES;
				ENABLE_TESTABILITY = YES;
				ENABLE_USER_SCRIPT_SANDBOXING = YES;
				GCC_C_LANGUAGE_STANDARD = gnu17;
				GCC_DYNAMIC_NO_PIC = NO;
				GCC_NO_COMMON_BLOCKS = YES;
				GCC_OPTIMIZATION_LEVEL = 0;
				GCC_PREPROCESSOR_DEFINITIONS = (
					"DEBUG=1",
					"$(inherited)",
				);
				GCC_WARN_64_TO_32_BIT_CONVERSION = YES;
				GCC_WARN_ABOUT_RETURN_TYPE = YES_ERROR;
				GCC_WARN_UNDECLARED_SELECTOR = YES;
				GCC_WARN_UNINITIALIZED_AUTOS = YES_AGGRESSIVE;
				GCC_WARN_UNUSED_FUNCTION = YES;
				GCC_WARN_UNUSED_VARIABLE = YES;
				IPHONEOS_DEPLOYMENT_TARGET = 17.0;
				LOCALIZATION_PREFERS_STRING_CATALOGS = YES;
				MTL_ENABLE_DEBUG_INFO = INCLUDE_SOURCE;
				MTL_FAST_MATH = YES;
				ONLY_ACTIVE_ARCH = YES;
				SDKROOT = iphoneos;
				SWIFT_ACTIVE_COMPILATION_CONDITIONS = "DEBUG $(inherited)";
				SWIFT_OPTIMIZATION_LEVEL = "-Onone";
			};
			name = Debug;
		};
		03DA04112B204A3B00380072 /* Release */ = {
			isa = XCBuildConfiguration;
			buildSettings = {
				ALWAYS_SEARCH_USER_PATHS = NO;
				ASSETCATALOG_COMPILER_GENERATE_SWIFT_ASSET_SYMBOL_EXTENSIONS = YES;
				CLANG_ANALYZER_NONNULL = YES;
				CLANG_ANALYZER_NUMBER_OBJECT_CONVERSION = YES_AGGRESSIVE;
				CLANG_CXX_LANGUAGE_STANDARD = "gnu++20";
				CLANG_ENABLE_MODULES = YES;
				CLANG_ENABLE_OBJC_ARC = YES;
				CLANG_ENABLE_OBJC_WEAK = YES;
				CLANG_WARN_BLOCK_CAPTURE_AUTORELEASING = YES;
				CLANG_WARN_BOOL_CONVERSION = YES;
				CLANG_WARN_COMMA = YES;
				CLANG_WARN_CONSTANT_CONVERSION = YES;
				CLANG_WARN_DEPRECATED_OBJC_IMPLEMENTATIONS = YES;
				CLANG_WARN_DIRECT_OBJC_ISA_USAGE = YES_ERROR;
				CLANG_WARN_DOCUMENTATION_COMMENTS = YES;
				CLANG_WARN_EMPTY_BODY = YES;
				CLANG_WARN_ENUM_CONVERSION = YES;
				CLANG_WARN_INFINITE_RECURSION = YES;
				CLANG_WARN_INT_CONVERSION = YES;
				CLANG_WARN_NON_LITERAL_NULL_CONVERSION = YES;
				CLANG_WARN_OBJC_IMPLICIT_RETAIN_SELF = YES;
				CLANG_WARN_OBJC_LITERAL_CONVERSION = YES;
				CLANG_WARN_OBJC_ROOT_CLASS = YES_ERROR;
				CLANG_WARN_QUOTED_INCLUDE_IN_FRAMEWORK_HEADER = YES;
				CLANG_WARN_RANGE_LOOP_ANALYSIS = YES;
				CLANG_WARN_STRICT_PROTOTYPES = YES;
				CLANG_WARN_SUSPICIOUS_MOVE = YES;
				CLANG_WARN_UNGUARDED_AVAILABILITY = YES_AGGRESSIVE;
				CLANG_WARN_UNREACHABLE_CODE = YES;
				CLANG_WARN__DUPLICATE_METHOD_MATCH = YES;
				COPY_PHASE_STRIP = NO;
				DEBUG_INFORMATION_FORMAT = "dwarf-with-dsym";
				ENABLE_NS_ASSERTIONS = NO;
				ENABLE_STRICT_OBJC_MSGSEND = YES;
				ENABLE_USER_SCRIPT_SANDBOXING = YES;
				GCC_C_LANGUAGE_STANDARD = gnu17;
				GCC_NO_COMMON_BLOCKS = YES;
				GCC_WARN_64_TO_32_BIT_CONVERSION = YES;
				GCC_WARN_ABOUT_RETURN_TYPE = YES_ERROR;
				GCC_WARN_UNDECLARED_SELECTOR = YES;
				GCC_WARN_UNINITIALIZED_AUTOS = YES_AGGRESSIVE;
				GCC_WARN_UNUSED_FUNCTION = YES;
				GCC_WARN_UNUSED_VARIABLE = YES;
				IPHONEOS_DEPLOYMENT_TARGET = 17.0;
				LOCALIZATION_PREFERS_STRING_CATALOGS = YES;
				MTL_ENABLE_DEBUG_INFO = NO;
				MTL_FAST_MATH = YES;
				SDKROOT = iphoneos;
				SWIFT_COMPILATION_MODE = wholemodule;
				VALIDATE_PRODUCT = YES;
			};
			name = Release;
		};
		03DA04132B204A3B00380072 /* Debug */ = {
			isa = XCBuildConfiguration;
			buildSettings = {
				ASSETCATALOG_COMPILER_APPICON_NAME = AppIcon;
				ASSETCATALOG_COMPILER_GLOBAL_ACCENT_COLOR_NAME = AccentColor;
				CODE_SIGN_STYLE = Automatic;
				CURRENT_PROJECT_VERSION = 1;
				DEVELOPMENT_ASSET_PATHS = "\"DashboardDesign/Preview Content\"";
				DEVELOPMENT_TEAM = PV9SRDAQY6;
				ENABLE_PREVIEWS = YES;
				GENERATE_INFOPLIST_FILE = YES;
				INFOPLIST_KEY_UIApplicationSceneManifest_Generation = YES;
				INFOPLIST_KEY_UIApplicationSupportsIndirectInputEvents = YES;
				INFOPLIST_KEY_UILaunchScreen_Generation = YES;
				INFOPLIST_KEY_UISupportedInterfaceOrientations_iPad = "UIInterfaceOrientationPortrait UIInterfaceOrientationPortraitUpsideDown UIInterfaceOrientationLandscapeLeft UIInterfaceOrientationLandscapeRight";
				INFOPLIST_KEY_UISupportedInterfaceOrientations_iPhone = "UIInterfaceOrientationPortrait UIInterfaceOrientationLandscapeLeft UIInterfaceOrientationLandscapeRight";
				LD_RUNPATH_SEARCH_PATHS = (
					"$(inherited)",
					"@executable_path/Frameworks",
				);
				MARKETING_VERSION = 1.0;
				PRODUCT_BUNDLE_IDENTIFIER = com.shreeya.DashboardDesign;
				PRODUCT_NAME = "$(TARGET_NAME)";
				SWIFT_EMIT_LOC_STRINGS = YES;
				SWIFT_VERSION = 5.0;
				TARGETED_DEVICE_FAMILY = "1,2";
			};
			name = Debug;
		};
		03DA04142B204A3B00380072 /* Release */ = {
			isa = XCBuildConfiguration;
			buildSettings = {
				ASSETCATALOG_COMPILER_APPICON_NAME = AppIcon;
				ASSETCATALOG_COMPILER_GLOBAL_ACCENT_COLOR_NAME = AccentColor;
				CODE_SIGN_STYLE = Automatic;
				CURRENT_PROJECT_VERSION = 1;
				DEVELOPMENT_ASSET_PATHS = "\"DashboardDesign/Preview Content\"";
				DEVELOPMENT_TEAM = PV9SRDAQY6;
				ENABLE_PREVIEWS = YES;
				GENERATE_INFOPLIST_FILE = YES;
				INFOPLIST_KEY_UIApplicationSceneManifest_Generation = YES;
				INFOPLIST_KEY_UIApplicationSupportsIndirectInputEvents = YES;
				INFOPLIST_KEY_UILaunchScreen_Generation = YES;
				INFOPLIST_KEY_UISupportedInterfaceOrientations_iPad = "UIInterfaceOrientationPortrait UIInterfaceOrientationPortraitUpsideDown UIInterfaceOrientationLandscapeLeft UIInterfaceOrientationLandscapeRight";
				INFOPLIST_KEY_UISupportedInterfaceOrientations_iPhone = "UIInterfaceOrientationPortrait UIInterfaceOrientationLandscapeLeft UIInterfaceOrientationLandscapeRight";
				LD_RUNPATH_SEARCH_PATHS = (
					"$(inherited)",
					"@executable_path/Frameworks",
				);
				MARKETING_VERSION = 1.0;
				PRODUCT_BUNDLE_IDENTIFIER = com.shreeya.DashboardDesign;
				PRODUCT_NAME = "$(TARGET_NAME)";
				SWIFT_EMIT_LOC_STRINGS = YES;
				SWIFT_VERSION = 5.0;
				TARGETED_DEVICE_FAMILY = "1,2";
			};
			name = Release;
		};
/* End XCBuildConfiguration section */

/* Begin XCConfigurationList section */
		03DA03FF2B204A3900380072 /* Build configuration list for PBXProject "DashboardDesign" */ = {
			isa = XCConfigurationList;
			buildConfigurations = (
				03DA04102B204A3B00380072 /* Debug */,
				03DA04112B204A3B00380072 /* Release */,
			);
			defaultConfigurationIsVisible = 0;
			defaultConfigurationName = Release;
		};
		03DA04122B204A3B00380072 /* Build configuration list for PBXNativeTarget "DashboardDesign" */ = {
			isa = XCConfigurationList;
			buildConfigurations = (
				03DA04132B204A3B00380072 /* Debug */,
				03DA04142B204A3B00380072 /* Release */,
			);
			defaultConfigurationIsVisible = 0;
			defaultConfigurationName = Release;
		};
/* End XCConfigurationList section */
	};
	rootObject = 03DA03FC2B204A3900380072 /* Project object */;
}
